{
  "nodes": {
    "deploy-rs": {
      "inputs": {
        "flake-compat": "flake-compat",
        "nixpkgs": "nixpkgs",
        "utils": "utils"
      },
      "locked": {
        "lastModified": 1695052866,
        "narHash": "sha256-agn7F9Oww4oU6nPiw+YiYI9Xb4vOOE73w8PAoBRP4AA=",
        "owner": "serokell",
        "repo": "deploy-rs",
        "rev": "e3f41832680801d0ee9e2ed33eb63af398b090e9",
        "type": "github"
      },
      "original": {
        "owner": "serokell",
        "repo": "deploy-rs",
        "type": "github"
      }
    },
    "flake-compat": {
      "flake": false,
      "locked": {
        "lastModified": 1668681692,
        "narHash": "sha256-Ht91NGdewz8IQLtWZ9LCeNXMSXHUss+9COoqu6JLmXU=",
        "owner": "edolstra",
        "repo": "flake-compat",
        "rev": "009399224d5e398d03b22badca40a37ac85412a1",
        "type": "github"
      },
      "original": {
        "owner": "edolstra",
        "repo": "flake-compat",
        "type": "github"
      }
    },
    "home-manager": {
      "inputs": {
        "nixpkgs": [
          "nixpkgs"
        ]
      },
      "locked": {
        "lastModified": 1696635169,
        "narHash": "sha256-gOjLe7maQ58erN/9ykb6d2ePAU7QAT1D8u7qin9gt+c=",
        "owner": "nix-community",
        "repo": "home-manager",
        "rev": "b2a2133c9a0b0aa4d06d72b5891275f263ee08df",
        "type": "github"
      },
      "original": {
        "owner": "nix-community",
        "repo": "home-manager",
        "type": "github"
      }
    },
    "nixpkgs": {
      "locked": {
        "lastModified": 1671417167,
        "narHash": "sha256-JkHam6WQOwZN1t2C2sbp1TqMv3TVRjzrdoejqfefwrM=",
        "owner": "NixOS",
        "repo": "nixpkgs",
        "rev": "bb31220cca6d044baa6dc2715b07497a2a7c4bc7",
        "type": "github"
      },
      "original": {
        "owner": "NixOS",
        "ref": "nixpkgs-unstable",
        "repo": "nixpkgs",
        "type": "github"
      }
    },
    "nixpkgs_2": {
      "locked": {
        "lastModified": 1696691538,
        "narHash": "sha256-FKdn5eQrmSkUuPAdzuYWo1QCabmKuZhx4NBMA8p6pSc=",
        "owner": "nixos",
        "repo": "nixpkgs",
        "rev": "286fd480aede43bcff84e57269bb4ee054535978",
        "type": "github"
      },
      "original": {
        "owner": "nixos",
        "ref": "master",
        "repo": "nixpkgs",
        "type": "github"
      }
    },
    "nixpkgs_3": {
      "locked": {
        "lastModified": 1687521514,
        "narHash": "sha256-WaImF9MQC1Pknf5UZaQK+a809TTWFq/8sQabT4u/h+M=",
        "owner": "nixos",
        "repo": "nixpkgs",
        "rev": "cbf0490176c86e3c674048df1b99a516d125cb91",
        "type": "github"
      },
      "original": {
        "owner": "nixos",
        "ref": "master",
        "repo": "nixpkgs",
        "type": "github"
      }
    },
    "root": {
      "inputs": {
        "deploy-rs": "deploy-rs",
        "home-manager": "home-manager",
        "nixpkgs": "nixpkgs_2",
        "sludge-site": "sludge-site",
        "tree-input": "tree-input"
      }
    },
    "sludge-site": {
      "inputs": {
        "nixpkgs": "nixpkgs_3",
        "utils": "utils_2"
      },
      "locked": {
        "lastModified": 1688379366,
        "narHash": "sha256-eqMfiHqZtGEBksNVGziidUjiWaO0jQwNeNSKEXZtlWs=",
        "ref": "refs/heads/main",
        "rev": "8cc77157be494e2904b1ca26dced56cf6884ce55",
        "revCount": 6,
        "type": "git",
        "url": "ssh://git@github.com/SludgeGirl/Site"
      },
      "original": {
        "type": "git",
        "url": "ssh://git@github.com/SludgeGirl/Site"
      }
    },
    "std": {
      "locked": {
        "lastModified": 1671250799,
        "narHash": "sha256-uPIakP98gOf6504NtrAb2/0O0BgRRXNShM0PTV8z+T0=",
        "owner": "chessai",
        "repo": "nix-std",
        "rev": "b300fd6dfeae8cc331c7d8cde0e81b404d50d40c",
        "type": "github"
      },
      "original": {
        "owner": "chessai",
        "repo": "nix-std",
        "type": "github"
      }
    },
    "systems": {
      "locked": {
        "lastModified": 1681028828,
        "narHash": "sha256-Vy1rq5AaRuLzOxct8nz4T6wlgyUR7zLU309k9mBC768=",
        "owner": "nix-systems",
        "repo": "default",
        "rev": "da67096a3b9bf56a91d16901293e51ba5b49a27e",
        "type": "github"
      },
      "original": {
        "owner": "nix-systems",
        "repo": "default",
        "type": "github"
      }
    },
    "tree-input": {
      "inputs": {
        "nixpkgs": [
          "nixpkgs"
        ],
        "std": "std"
      },
      "locked": {
        "lastModified": 1676505934,
        "narHash": "sha256-jeqZtNLOKXRSDmD1v+b9+v+hwVyH6kcKzZ9f0gcJpdk=",
        "owner": "kittywitch",
        "repo": "tree",
        "rev": "a831f6fd209e3d00c5026303994de28d0031ab3b",
        "type": "github"
      },
      "original": {
        "owner": "kittywitch",
        "repo": "tree",
        "type": "github"
      }
    },
    "utils": {
      "locked": {
        "lastModified": 1667395993,
        "narHash": "sha256-nuEHfE/LcWyuSWnS8t12N1wc105Qtau+/OdUAjtQ0rA=",
        "owner": "numtide",
        "repo": "flake-utils",
        "rev": "5aed5285a952e0b949eb3ba02c12fa4fcfef535f",
        "type": "github"
      },
      "original": {
        "owner": "numtide",
        "repo": "flake-utils",
        "type": "github"
      }
    },
    "utils_2": {
      "inputs": {
        "systems": "systems"
      },
      "locked": {
        "lastModified": 1687171271,
        "narHash": "sha256-BJlq+ozK2B1sJDQXS3tzJM5a+oVZmi1q0FlBK/Xqv7M=",
        "owner": "numtide",
        "repo": "flake-utils",
        "rev": "abfb11bd1aec8ced1c9bb9adfe68018230f4fb3c",
        "type": "github"
      },
      "original": {
        "owner": "numtide",
        "repo": "flake-utils",
        "type": "github"
      }
    }
  },
  "root": "root",
  "version": 7
}
